
Microsoft Visual Studio Solution File, Format Version 12.00
# Visual Studio Version 16
VisualStudioVersion = 16.0.31005.135
MinimumVisualStudioVersion = 10.0.40219.1
Project("{FAE04EC0-301F-11D3-BF4B-00C04F79EFBC}") = "NETPROJECT", "NETPROJECT.csproj", "{3853A356-016D-4438-AC5A-2651A75F8DEE}"
EndProject
Global
	GlobalSection(SolutionConfigurationPlatforms) = preSolution
		Debug|Any CPU = Debug|Any CPU
		Release|Any CPU = Release|Any CPU
	EndGlobalSection
	GlobalSection(ProjectConfigurationPlatforms) = postSolution
		{3853A356-016D-4438-AC5A-2651A75F8DEE}.Debug|Any CPU.ActiveCfg = Debug|Any CPU
		{3853A356-016D-4438-AC5A-2651A75F8DEE}.Debug|Any CPU.Build.0 = Debug|Any CPU
		{3853A356-016D-4438-AC5A-2651A75F8DEE}.Release|Any CPU.ActiveCfg = Release|Any CPU
		{3853A356-016D-4438-AC5A-2651A75F8DEE}.Release|Any CPU.Build.0 = Release|Any CPU
	EndGlobalSection
	GlobalSection(SolutionProperties) = preSolution
		HideSolutionNode = FALSE
	EndGlobalSection
	GlobalSection(ExtensibilityGlobals) = postSolution
		SolutionGuid = {9A40859A-BC3C-40A4-9C71-46D0B5DA45F5}
	EndGlobalSection
EndGlobal
